
Microsoft Visual Studio Solution File, Format Version 11.00
# Visual Studio 2010
Project("{FAE04EC0-301F-11D3-BF4B-00C04F79EFBC}") = "Searcher", "Searcher\Searcher.csproj", "{7FFF1A5E-993D-4078-8687-28315138FCFE}"
EndProject
Project("{FAE04EC0-301F-11D3-BF4B-00C04F79EFBC}") = "Common", "Common\Common.csproj", "{7DF6CCDE-ACE4-46C2-887C-852D7A03C69E}"
EndProject
Project("{FAE04EC0-301F-11D3-BF4B-00C04F79EFBC}") = "Models", "Models\Models.csproj", "{95F571B2-6091-4911-A4D4-82A392A7F471}"
EndProject
Project("{FAE04EC0-301F-11D3-BF4B-00C04F79EFBC}") = "ServiceImpls", "ServiceImpls\ServiceImpls.csproj", "{F9458F0D-C4E4-47D5-B78B-C7FD07A1616A}"
EndProject
Project("{2150E333-8FDC-42A3-9474-1A3956D46DE8}") = "Plugins", "Plugins", "{28E3845D-4307-4007-BBE5-50C9AC6B7C1E}"
EndProject
Project("{FAE04EC0-301F-11D3-BF4B-00C04F79EFBC}") = "SearcherTests", "..\Tests\SearcherTests\SearcherTests.csproj", "{3607BFC3-2A6B-48B0-8537-04E4D06A0127}"
EndProject
Project("{FAE04EC0-301F-11D3-BF4B-00C04F79EFBC}") = "SearchByTag", "SearchByTag\SearchByTag.csproj", "{24116A64-8A43-4B6A-BB99-A8566832DDF1}"
EndProject
Project("{FAE04EC0-301F-11D3-BF4B-00C04F79EFBC}") = "SearchByType", "SearchByType\SearchByType.csproj", "{BDA527ED-63C3-4C18-BCCD-D1493506C235}"
EndProject
Project("{FAE04EC0-301F-11D3-BF4B-00C04F79EFBC}") = "CircularProgressBar", "CircularProgressBar\CircularProgressBar.csproj", "{3F771FC1-3F04-48D9-B412-A23F6E57F59D}"
EndProject
Global
	GlobalSection(SolutionConfigurationPlatforms) = preSolution
		Debug|Any CPU = Debug|Any CPU
		Debug|Mixed Platforms = Debug|Mixed Platforms
		Debug|x86 = Debug|x86
		Release|Any CPU = Release|Any CPU
		Release|Mixed Platforms = Release|Mixed Platforms
		Release|x86 = Release|x86
	EndGlobalSection
	GlobalSection(ProjectConfigurationPlatforms) = postSolution
		{7FFF1A5E-993D-4078-8687-28315138FCFE}.Debug|Any CPU.ActiveCfg = Debug|x86
		{7FFF1A5E-993D-4078-8687-28315138FCFE}.Debug|Mixed Platforms.ActiveCfg = Debug|x86
		{7FFF1A5E-993D-4078-8687-28315138FCFE}.Debug|Mixed Platforms.Build.0 = Debug|x86
		{7FFF1A5E-993D-4078-8687-28315138FCFE}.Debug|x86.ActiveCfg = Debug|x86
		{7FFF1A5E-993D-4078-8687-28315138FCFE}.Debug|x86.Build.0 = Debug|x86
		{7FFF1A5E-993D-4078-8687-28315138FCFE}.Release|Any CPU.ActiveCfg = Release|x86
		{7FFF1A5E-993D-4078-8687-28315138FCFE}.Release|Mixed Platforms.ActiveCfg = Release|x86
		{7FFF1A5E-993D-4078-8687-28315138FCFE}.Release|Mixed Platforms.Build.0 = Release|x86
		{7FFF1A5E-993D-4078-8687-28315138FCFE}.Release|x86.ActiveCfg = Release|x86
		{7FFF1A5E-993D-4078-8687-28315138FCFE}.Release|x86.Build.0 = Release|x86
		{7DF6CCDE-ACE4-46C2-887C-852D7A03C69E}.Debug|Any CPU.ActiveCfg = Debug|Any CPU
		{7DF6CCDE-ACE4-46C2-887C-852D7A03C69E}.Debug|Any CPU.Build.0 = Debug|Any CPU
		{7DF6CCDE-ACE4-46C2-887C-852D7A03C69E}.Debug|Mixed Platforms.ActiveCfg = Debug|Any CPU
		{7DF6CCDE-ACE4-46C2-887C-852D7A03C69E}.Debug|Mixed Platforms.Build.0 = Debug|Any CPU
		{7DF6CCDE-ACE4-46C2-887C-852D7A03C69E}.Debug|x86.ActiveCfg = Debug|Any CPU
		{7DF6CCDE-ACE4-46C2-887C-852D7A03C69E}.Debug|x86.Build.0 = Debug|Any CPU
		{7DF6CCDE-ACE4-46C2-887C-852D7A03C69E}.Release|Any CPU.ActiveCfg = Release|Any CPU
		{7DF6CCDE-ACE4-46C2-887C-852D7A03C69E}.Release|Any CPU.Build.0 = Release|Any CPU
		{7DF6CCDE-ACE4-46C2-887C-852D7A03C69E}.Release|Mixed Platforms.ActiveCfg = Release|Any CPU
		{7DF6CCDE-ACE4-46C2-887C-852D7A03C69E}.Release|Mixed Platforms.Build.0 = Release|Any CPU
		{7DF6CCDE-ACE4-46C2-887C-852D7A03C69E}.Release|x86.ActiveCfg = Release|Any CPU
		{7DF6CCDE-ACE4-46C2-887C-852D7A03C69E}.Release|x86.Build.0 = Release|Any CPU
		{95F571B2-6091-4911-A4D4-82A392A7F471}.Debug|Any CPU.ActiveCfg = Debug|Any CPU
		{95F571B2-6091-4911-A4D4-82A392A7F471}.Debug|Any CPU.Build.0 = Debug|Any CPU
		{95F571B2-6091-4911-A4D4-82A392A7F471}.Debug|Mixed Platforms.ActiveCfg = Debug|Any CPU
		{95F571B2-6091-4911-A4D4-82A392A7F471}.Debug|Mixed Platforms.Build.0 = Debug|Any CPU
		{95F571B2-6091-4911-A4D4-82A392A7F471}.Debug|x86.ActiveCfg = Debug|Any CPU
		{95F571B2-6091-4911-A4D4-82A392A7F471}.Debug|x86.Build.0 = Debug|Any CPU
		{95F571B2-6091-4911-A4D4-82A392A7F471}.Release|Any CPU.ActiveCfg = Release|Any CPU
		{95F571B2-6091-4911-A4D4-82A392A7F471}.Release|Any CPU.Build.0 = Release|Any CPU
		{95F571B2-6091-4911-A4D4-82A392A7F471}.Release|Mixed Platforms.ActiveCfg = Release|Any CPU
		{95F571B2-6091-4911-A4D4-82A392A7F471}.Release|Mixed Platforms.Build.0 = Release|Any CPU
		{95F571B2-6091-4911-A4D4-82A392A7F471}.Release|x86.ActiveCfg = Release|Any CPU
		{95F571B2-6091-4911-A4D4-82A392A7F471}.Release|x86.Build.0 = Release|Any CPU
		{F9458F0D-C4E4-47D5-B78B-C7FD07A1616A}.Debug|Any CPU.ActiveCfg = Debug|Any CPU
		{F9458F0D-C4E4-47D5-B78B-C7FD07A1616A}.Debug|Any CPU.Build.0 = Debug|Any CPU
		{F9458F0D-C4E4-47D5-B78B-C7FD07A1616A}.Debug|Mixed Platforms.ActiveCfg = Debug|Any CPU
		{F9458F0D-C4E4-47D5-B78B-C7FD07A1616A}.Debug|Mixed Platforms.Build.0 = Debug|Any CPU
		{F9458F0D-C4E4-47D5-B78B-C7FD07A1616A}.Debug|x86.ActiveCfg = Debug|Any CPU
		{F9458F0D-C4E4-47D5-B78B-C7FD07A1616A}.Debug|x86.Build.0 = Debug|Any CPU
		{F9458F0D-C4E4-47D5-B78B-C7FD07A1616A}.Release|Any CPU.ActiveCfg = Release|Any CPU
		{F9458F0D-C4E4-47D5-B78B-C7FD07A1616A}.Release|Any CPU.Build.0 = Release|Any CPU
		{F9458F0D-C4E4-47D5-B78B-C7FD07A1616A}.Release|Mixed Platforms.ActiveCfg = Release|Any CPU
		{F9458F0D-C4E4-47D5-B78B-C7FD07A1616A}.Release|Mixed Platforms.Build.0 = Release|Any CPU
		{F9458F0D-C4E4-47D5-B78B-C7FD07A1616A}.Release|x86.ActiveCfg = Release|Any CPU
		{F9458F0D-C4E4-47D5-B78B-C7FD07A1616A}.Release|x86.Build.0 = Release|Any CPU
		{3607BFC3-2A6B-48B0-8537-04E4D06A0127}.Debug|Any CPU.ActiveCfg = Debug|Any CPU
		{3607BFC3-2A6B-48B0-8537-04E4D06A0127}.Debug|Any CPU.Build.0 = Debug|Any CPU
		{3607BFC3-2A6B-48B0-8537-04E4D06A0127}.Debug|Mixed Platforms.ActiveCfg = Debug|Any CPU
		{3607BFC3-2A6B-48B0-8537-04E4D06A0127}.Debug|Mixed Platforms.Build.0 = Debug|Any CPU
		{3607BFC3-2A6B-48B0-8537-04E4D06A0127}.Debug|x86.ActiveCfg = Debug|Any CPU
		{3607BFC3-2A6B-48B0-8537-04E4D06A0127}.Debug|x86.Build.0 = Debug|Any CPU
		{3607BFC3-2A6B-48B0-8537-04E4D06A0127}.Release|Any CPU.ActiveCfg = Release|Any CPU
		{3607BFC3-2A6B-48B0-8537-04E4D06A0127}.Release|Any CPU.Build.0 = Release|Any CPU
		{3607BFC3-2A6B-48B0-8537-04E4D06A0127}.Release|Mixed Platforms.ActiveCfg = Release|Any CPU
		{3607BFC3-2A6B-48B0-8537-04E4D06A0127}.Release|Mixed Platforms.Build.0 = Release|Any CPU
		{3607BFC3-2A6B-48B0-8537-04E4D06A0127}.Release|x86.ActiveCfg = Release|Any CPU
		{24116A64-8A43-4B6A-BB99-A8566832DDF1}.Debug|Any CPU.ActiveCfg = Debug|Any CPU
		{24116A64-8A43-4B6A-BB99-A8566832DDF1}.Debug|Any CPU.Build.0 = Debug|Any CPU
		{24116A64-8A43-4B6A-BB99-A8566832DDF1}.Debug|Mixed Platforms.ActiveCfg = Debug|Any CPU
		{24116A64-8A43-4B6A-BB99-A8566832DDF1}.Debug|Mixed Platforms.Build.0 = Debug|Any CPU
		{24116A64-8A43-4B6A-BB99-A8566832DDF1}.Debug|x86.ActiveCfg = Debug|Any CPU
		{24116A64-8A43-4B6A-BB99-A8566832DDF1}.Debug|x86.Build.0 = Debug|Any CPU
		{24116A64-8A43-4B6A-BB99-A8566832DDF1}.Release|Any CPU.ActiveCfg = Release|Any CPU
		{24116A64-8A43-4B6A-BB99-A8566832DDF1}.Release|Any CPU.Build.0 = Release|Any CPU
		{24116A64-8A43-4B6A-BB99-A8566832DDF1}.Release|Mixed Platforms.ActiveCfg = Release|Any CPU
		{24116A64-8A43-4B6A-BB99-A8566832DDF1}.Release|Mixed Platforms.Build.0 = Release|Any CPU
		{24116A64-8A43-4B6A-BB99-A8566832DDF1}.Release|x86.ActiveCfg = Release|Any CPU
		{24116A64-8A43-4B6A-BB99-A8566832DDF1}.Release|x86.Build.0 = Release|Any CPU
		{BDA527ED-63C3-4C18-BCCD-D1493506C235}.Debug|Any CPU.ActiveCfg = Debug|Any CPU
		{BDA527ED-63C3-4C18-BCCD-D1493506C235}.Debug|Any CPU.Build.0 = Debug|Any CPU
		{BDA527ED-63C3-4C18-BCCD-D1493506C235}.Debug|Mixed Platforms.ActiveCfg = Debug|Any CPU
		{BDA527ED-63C3-4C18-BCCD-D1493506C235}.Debug|Mixed Platforms.Build.0 = Debug|Any CPU
		{BDA527ED-63C3-4C18-BCCD-D1493506C235}.Debug|x86.ActiveCfg = Debug|Any CPU
		{BDA527ED-63C3-4C18-BCCD-D1493506C235}.Debug|x86.Build.0 = Debug|Any CPU
		{BDA527ED-63C3-4C18-BCCD-D1493506C235}.Release|Any CPU.ActiveCfg = Release|Any CPU
		{BDA527ED-63C3-4C18-BCCD-D1493506C235}.Release|Any CPU.Build.0 = Release|Any CPU
		{BDA527ED-63C3-4C18-BCCD-D1493506C235}.Release|Mixed Platforms.ActiveCfg = Release|Any CPU
		{BDA527ED-63C3-4C18-BCCD-D1493506C235}.Release|Mixed Platforms.Build.0 = Release|Any CPU
		{BDA527ED-63C3-4C18-BCCD-D1493506C235}.Release|x86.ActiveCfg = Release|Any CPU
		{BDA527ED-63C3-4C18-BCCD-D1493506C235}.Release|x86.Build.0 = Release|Any CPU
		{3F771FC1-3F04-48D9-B412-A23F6E57F59D}.Debug|Any CPU.ActiveCfg = Debug|Any CPU
		{3F771FC1-3F04-48D9-B412-A23F6E57F59D}.Debug|Any CPU.Build.0 = Debug|Any CPU
		{3F771FC1-3F04-48D9-B412-A23F6E57F59D}.Debug|Mixed Platforms.ActiveCfg = Debug|Any CPU
		{3F771FC1-3F04-48D9-B412-A23F6E57F59D}.Debug|Mixed Platforms.Build.0 = Debug|Any CPU
		{3F771FC1-3F04-48D9-B412-A23F6E57F59D}.Debug|x86.ActiveCfg = Debug|Any CPU
		{3F771FC1-3F04-48D9-B412-A23F6E57F59D}.Debug|x86.Build.0 = Debug|Any CPU
		{3F771FC1-3F04-48D9-B412-A23F6E57F59D}.Release|Any CPU.ActiveCfg = Release|Any CPU
		{3F771FC1-3F04-48D9-B412-A23F6E57F59D}.Release|Any CPU.Build.0 = Release|Any CPU
		{3F771FC1-3F04-48D9-B412-A23F6E57F59D}.Release|Mixed Platforms.ActiveCfg = Release|Any CPU
		{3F771FC1-3F04-48D9-B412-A23F6E57F59D}.Release|Mixed Platforms.Build.0 = Release|Any CPU
		{3F771FC1-3F04-48D9-B412-A23F6E57F59D}.Release|x86.ActiveCfg = Release|Any CPU
		{3F771FC1-3F04-48D9-B412-A23F6E57F59D}.Release|x86.Build.0 = Release|Any CPU
	EndGlobalSection
	GlobalSection(SolutionProperties) = preSolution
		HideSolutionNode = FALSE
	EndGlobalSection
	GlobalSection(NestedProjects) = preSolution
		{24116A64-8A43-4B6A-BB99-A8566832DDF1} = {28E3845D-4307-4007-BBE5-50C9AC6B7C1E}
		{BDA527ED-63C3-4C18-BCCD-D1493506C235} = {28E3845D-4307-4007-BBE5-50C9AC6B7C1E}
	EndGlobalSection
EndGlobal
